// !$*UTF8*$!
{
	archiveVersion = 1;
	classes = {
	};
	objectVersion = 77;
	objects = {

/* Begin PBXContainerItemProxy section */
		DAF77EB22D81098B00F42FB7 /* PBXContainerItemProxy */ = {
			isa = PBXContainerItemProxy;
			containerPortal = DAF77E932D81098A00F42FB7 /* Project object */;
			proxyType = 1;
			remoteGlobalIDString = DAF77E9A2D81098A00F42FB7;
			remoteInfo = formButton;
		};
		DAF77EBC2D81098B00F42FB7 /* PBXContainerItemProxy */ = {
			isa = PBXContainerItemProxy;
			containerPortal = DAF77E932D81098A00F42FB7 /* Project object */;
			proxyType = 1;
			remoteGlobalIDString = DAF77E9A2D81098A00F42FB7;
			remoteInfo = formButton;
		};
/* End PBXContainerItemProxy section */

/* Begin PBXFileReference section */
		DAF77E9B2D81098A00F42FB7 /* formButton.app */ = {isa = PBXFileReference; explicitFileType = wrapper.application; includeInIndex = 0; path = formButton.app; sourceTree = BUILT_PRODUCTS_DIR; };
		DAF77EB12D81098B00F42FB7 /* formButtonTests.xctest */ = {isa = PBXFileReference; explicitFileType = wrapper.cfbundle; includeInIndex = 0; path = formButtonTests.xctest; sourceTree = BUILT_PRODUCTS_DIR; };
		DAF77EBB2D81098B00F42FB7 /* formButtonUITests.xctest */ = {isa = PBXFileReference; explicitFileType = wrapper.cfbundle; includeInIndex = 0; path = formButtonUITests.xctest; sourceTree = BUILT_PRODUCTS_DIR; };
/* End PBXFileReference section */

/* Begin PBXFileSystemSynchronizedBuildFileExceptionSet section */
		DAF77EC32D81098B00F42FB7 /* Exceptions for "formButton" folder in "formButton" target */ = {
			isa = PBXFileSystemSynchronizedBuildFileExceptionSet;
			membershipExceptions = (
				Info.plist,
			);
			target = DAF77E9A2D81098A00F42FB7 /* formButton */;
		};
/* End PBXFileSystemSynchronizedBuildFileExceptionSet section */

/* Begin PBXFileSystemSynchronizedRootGroup section */
		DAF77E9D2D81098A00F42FB7 /* formButton */ = {
			isa = PBXFileSystemSynchronizedRootGroup;
			exceptions = (
				DAF77EC32D81098B00F42FB7 /* Exceptions for "formButton" folder in "formButton" target */,
			);
			path = formButton;
			sourceTree = "<group>";
		};
		DAF77EB42D81098B00F42FB7 /* formButtonTests */ = {
			isa = PBXFileSystemSynchronizedRootGroup;
			path = formButtonTests;
			sourceTree = "<group>";
		};
		DAF77EBE2D81098B00F42FB7 /* formButtonUITests */ = {
			isa = PBXFileSystemSynchronizedRootGroup;
			path = formButtonUITests;
			sourceTree = "<group>";
		};
/* End PBXFileSystemSynchronizedRootGroup section */

/* Begin PBXFrameworksBuildPhase section */
		DAF77E982D81098A00F42FB7 /* Frameworks */ = {
			isa = PBXFrameworksBuildPhase;
			buildActionMask = 2147483647;
			files = (
			);
			runOnlyForDeploymentPostprocessing = 0;
		};
		DAF77EAE2D81098B00F42FB7 /* Frameworks */ = {
			isa = PBXFrameworksBuildPhase;
			buildActionMask = 2147483647;
			files = (
			);
			runOnlyForDeploymentPostprocessing = 0;
		};
		DAF77EB82D81098B00F42FB7 /* Frameworks */ = {
			isa = PBXFrameworksBuildPhase;
			buildActionMask = 2147483647;
			files = (
			);
			runOnlyForDeploymentPostprocessing = 0;
		};
/* End PBXFrameworksBuildPhase section */

/* Begin PBXGroup section */
		DAF77E922D81098A00F42FB7 = {
			isa = PBXGroup;
			children = (
				DAF77E9D2D81098A00F42FB7 /* formButton */,
				DAF77EB42D81098B00F42FB7 /* formButtonTests */,
				DAF77EBE2D81098B00F42FB7 /* formButtonUITests */,
				DAF77E9C2D81098A00F42FB7 /* Products */,
			);
			sourceTree = "<group>";
		};
		DAF77E9C2D81098A00F42FB7 /* Products */ = {
			isa = PBXGroup;
			children = (
				DAF77E9B2D81098A00F42FB7 /* formButton.app */,
				DAF77EB12D81098B00F42FB7 /* formButtonTests.xctest */,
				DAF77EBB2D81098B00F42FB7 /* formButtonUITests.xctest */,
			);
			name = Products;
			sourceTree = "<group>";
		};
/* End PBXGroup section */

/* Begin PBXNativeTarget section */
		DAF77E9A2D81098A00F42FB7 /* formButton */ = {
			isa = PBXNativeTarget;
			buildConfigurationList = DAF77EC42D81098B00F42FB7 /* Build configuration list for PBXNativeTarget "formButton" */;
			buildPhases = (
				DAF77E972D81098A00F42FB7 /* Sources */,
				DAF77E982D81098A00F42FB7 /* Frameworks */,
				DAF77E992D81098A00F42FB7 /* Resources */,
			);
			buildRules = (
			);
			dependencies = (
			);
			fileSystemSynchronizedGroups = (
				DAF77E9D2D81098A00F42FB7 /* formButton */,
			);
			name = formButton;
			packageProductDependencies = (
			);
			productName = formButton;
			productReference = DAF77E9B2D81098A00F42FB7 /* formButton.app */;
			productType = "com.apple.product-type.application";
		};
		DAF77EB02D81098B00F42FB7 /* formButtonTests */ = {
			isa = PBXNativeTarget;
			buildConfigurationList = DAF77EC92D81098B00F42FB7 /* Build configuration list for PBXNativeTarget "formButtonTests" */;
			buildPhases = (
				DAF77EAD2D81098B00F42FB7 /* Sources */,
				DAF77EAE2D81098B00F42FB7 /* Frameworks */,
				DAF77EAF2D81098B00F42FB7 /* Resources */,
			);
			buildRules = (
			);
			dependencies = (
				DAF77EB32D81098B00F42FB7 /* PBXTargetDependency */,
			);
			fileSystemSynchronizedGroups = (
				DAF77EB42D81098B00F42FB7 /* formButtonTests */,
			);
			name = formButtonTests;
			packageProductDependencies = (
			);
			productName = formButtonTests;
			productReference = DAF77EB12D81098B00F42FB7 /* formButtonTests.xctest */;
			productType = "com.apple.product-type.bundle.unit-test";
		};
		DAF77EBA2D81098B00F42FB7 /* formButtonUITests */ = {
			isa = PBXNativeTarget;
			buildConfigurationList = DAF77ECC2D81098B00F42FB7 /* Build configuration list for PBXNativeTarget "formButtonUITests" */;
			buildPhases = (
				DAF77EB72D81098B00F42FB7 /* Sources */,
				DAF77EB82D81098B00F42FB7 /* Frameworks */,
				DAF77EB92D81098B00F42FB7 /* Resources */,
			);
			buildRules = (
			);
			dependencies = (
				DAF77EBD2D81098B00F42FB7 /* PBXTargetDependency */,
			);
			fileSystemSynchronizedGroups = (
				DAF77EBE2D81098B00F42FB7 /* formButtonUITests */,
			);
			name = formButtonUITests;
			packageProductDependencies = (
			);
			productName = formButtonUITests;
			productReference = DAF77EBB2D81098B00F42FB7 /* formButtonUITests.xctest */;
			productType = "com.apple.product-type.bundle.ui-testing";
		};
/* End PBXNativeTarget section */

/* Begin PBXProject section */
		DAF77E932D81098A00F42FB7 /* Project object */ = {
			isa = PBXProject;
			attributes = {
				BuildIndependentTargetsInParallel = 1;
				LastSwiftUpdateCheck = 1620;
				LastUpgradeCheck = 1620;
				TargetAttributes = {
					DAF77E9A2D81098A00F42FB7 = {
						CreatedOnToolsVersion = 16.2;
					};
					DAF77EB02D81098B00F42FB7 = {
						CreatedOnToolsVersion = 16.2;
						TestTargetID = DAF77E9A2D81098A00F42FB7;
					};
					DAF77EBA2D81098B00F42FB7 = {
						CreatedOnToolsVersion = 16.2;
						TestTargetID = DAF77E9A2D81098A00F42FB7;
					};
				};
			};
			buildConfigurationList = DAF77E962D81098A00F42FB7 /* Build configuration list for PBXProject "formButton" */;
			developmentRegion = en;
			hasScannedForEncodings = 0;
			knownRegions = (
				en,
				Base,
			);
			mainGroup = DAF77E922D81098A00F42FB7;
			minimizedProjectReferenceProxies = 1;
			preferredProjectObjectVersion = 77;
			productRefGroup = DAF77E9C2D81098A00F42FB7 /* Products */;
			projectDirPath = "";
			projectRoot = "";
			targets = (
				DAF77E9A2D81098A00F42FB7 /* formButton */,
				DAF77EB02D81098B00F42FB7 /* formButtonTests */,
				DAF77EBA2D81098B00F42FB7 /* formButtonUITests */,
			);
		};
/* End PBXProject section */

/* Begin PBXResourcesBuildPhase section */
		DAF77E992D81098A00F42FB7 /* Resources */ = {
			isa = PBXResourcesBuildPhase;
			buildActionMask = 2147483647;
			files = (
			);
			runOnlyForDeploymentPostprocessing = 0;
		};
		DAF77EAF2D81098B00F42FB7 /* Resources */ = {
			isa = PBXResourcesBuildPhase;
			buildActionMask = 2147483647;
			files = (
			);
			runOnlyForDeploymentPostprocessing = 0;
		};
		DAF77EB92D81098B00F42FB7 /* Resources */ = {
			isa = PBXResourcesBuildPhase;
			buildActionMask = 2147483647;
			files = (
			);
			runOnlyForDeploymentPostprocessing = 0;
		};
/* End PBXResourcesBuildPhase section */

/* Begin PBXSourcesBuildPhase section */
		DAF77E972D81098A00F42FB7 /* Sources */ = {
			isa = PBXSourcesBuildPhase;
			buildActionMask = 2147483647;
			files = (
			);
			runOnlyForDeploymentPostprocessing = 0;
		};
		DAF77EAD2D81098B00F42FB7 /* Sources */ = {
			isa = PBXSourcesBuildPhase;
			buildActionMask = 2147483647;
			files = (
			);
			runOnlyForDeploymentPostprocessing = 0;
		};
		DAF77EB72D81098B00F42FB7 /* Sources */ = {
			isa = PBXSourcesBuildPhase;
			buildActionMask = 2147483647;
			files = (
			);
			runOnlyForDeploymentPostprocessing = 0;
		};
/* End PBXSourcesBuildPhase section */

/* Begin PBXTargetDependency section */
		DAF77EB32D81098B00F42FB7 /* PBXTargetDependency */ = {
			isa = PBXTargetDependency;
			target = DAF77E9A2D81098A00F42FB7 /* formButton */;
			targetProxy = DAF77EB22D81098B00F42FB7 /* PBXContainerItemProxy */;
		};
		DAF77EBD2D81098B00F42FB7 /* PBXTargetDependency */ = {
			isa = PBXTargetDependency;
			target = DAF77E9A2D81098A00F42FB7 /* formButton */;
			targetProxy = DAF77EBC2D81098B00F42FB7 /* PBXContainerItemProxy */;
		};
/* End PBXTargetDependency section */

/* Begin XCBuildConfiguration section */
		DAF77EC52D81098B00F42FB7 /* Debug */ = {
			isa = XCBuildConfiguration;
			buildSettings = {
				ASSETCATALOG_COMPILER_APPICON_NAME = AppIcon;
				ASSETCATALOG_COMPILER_GLOBAL_ACCENT_COLOR_NAME = AccentColor;
				CODE_SIGN_STYLE = Automatic;
				CURRENT_PROJECT_VERSION = 1;
				DEVELOPMENT_TEAM = 47R2RGPDLK;
				GENERATE_INFOPLIST_FILE = YES;
				INFOPLIST_FILE = formButton/Info.plist;
				INFOPLIST_KEY_UIApplicationSupportsIndirectInputEvents = YES;
				INFOPLIST_KEY_UILaunchStoryboardName = LaunchScreen;
				INFOPLIST_KEY_UIMainStoryboardFile = Main;
				INFOPLIST_KEY_UISupportedInterfaceOrientations_iPad = "UIInterfaceOrientationPortrait UIInterfaceOrientationPortraitUpsideDown UIInterfaceOrientationLandscapeLeft UIInterfaceOrientationLandscapeRight";
				INFOPLIST_KEY_UISupportedInterfaceOrientations_iPhone = "UIInterfaceOrientationPortrait UIInterfaceOrientationLandscapeLeft UIInterfaceOrientationLandscapeRight";
				LD_RUNPATH_SEARCH_PATHS = (
					"$(inherited)",
					"@executable_path/Frameworks",
				);
				MARKETING_VERSION = 1.0;
				PRODUCT_BUNDLE_IDENTIFIER = "yuta-nishimatsu.formButton";
				PRODUCT_NAME = "$(TARGET_NAME)";
				SWIFT_EMIT_LOC_STRINGS = YES;
				SWIFT_VERSION = 5.0;
				TARGETED_DEVICE_FAMILY = "1,2";
			};
			name = Debug;
		};
		DAF77EC62D81098B00F42FB7 /* Release */ = {
			isa = XCBuildConfiguration;
			buildSettings = {
				ASSETCATALOG_COMPILER_APPICON_NAME = AppIcon;
				ASSETCATALOG_COMPILER_GLOBAL_ACCENT_COLOR_NAME = AccentColor;
				CODE_SIGN_STYLE = Automatic;
				CURRENT_PROJECT_VERSION = 1;
				DEVELOPMENT_TEAM = 47R2RGPDLK;
				GENERATE_INFOPLIST_FILE = YES;
				INFOPLIST_FILE = formButton/Info.plist;
				INFOPLIST_KEY_UIApplicationSupportsIndirectInputEvents = YES;
				INFOPLIST_KEY_UILaunchStoryboardName = LaunchScreen;
				INFOPLIST_KEY_UIMainStoryboardFile = Main;
				INFOPLIST_KEY_UISupportedInterfaceOrientations_iPad = "UIInterfaceOrientationPortrait UIInterfaceOrientationPortraitUpsideDown UIInterfaceOrientationLandscapeLeft UIInterfaceOrientationLandscapeRight";
				INFOPLIST_KEY_UISupportedInterfaceOrientations_iPhone = "UIInterfaceOrientationPortrait UIInterfaceOrientationLandscapeLeft UIInterfaceOrientationLandscapeRight";
				LD_RUNPATH_SEARCH_PATHS = (
					"$(inherited)",
					"@executable_path/Frameworks",
				);
				MARKETING_VERSION = 1.0;
				PRODUCT_BUNDLE_IDENTIFIER = "yuta-nishimatsu.formButton";
				PRODUCT_NAME = "$(TARGET_NAME)";
				SWIFT_EMIT_LOC_STRINGS = YES;
				SWIFT_VERSION = 5.0;
				TARGETED_DEVICE_FAMILY = "1,2";
			};
			name = Release;
		};
		DAF77EC72D81098B00F42FB7 /* Debug */ = {
			isa = XCBuildConfiguration;
			buildSettings = {
				ALWAYS_SEARCH_USER_PATHS = NO;
				ASSETCATALOG_COMPILER_GENERATE_SWIFT_ASSET_SYMBOL_EXTENSIONS = YES;
				CLANG_ANALYZER_NONNULL = YES;
				CLANG_ANALYZER_NUMBER_OBJECT_CONVERSION = YES_AGGRESSIVE;
				CLANG_CXX_LANGUAGE_STANDARD = "gnu++20";
				CLANG_ENABLE_MODULES = YES;
				CLANG_ENABLE_OBJC_ARC = YES;
				CLANG_ENABLE_OBJC_WEAK = YES;
				CLANG_WARN_BLOCK_CAPTURE_AUTORELEASING = YES;
				CLANG_WARN_BOOL_CONVERSION = YES;
				CLANG_WARN_COMMA = YES;
				CLANG_WARN_CONSTANT_CONVERSION = YES;
				CLANG_WARN_DEPRECATED_OBJC_IMPLEMENTATIONS = YES;
				CLANG_WARN_DIRECT_OBJC_ISA_USAGE = YES_ERROR;
				CLANG_WARN_DOCUMENTATION_COMMENTS = YES;
				CLANG_WARN_EMPTY_BODY = YES;
				CLANG_WARN_ENUM_CONVERSION = YES;
				CLANG_WARN_INFINITE_RECURSION = YES;
				CLANG_WARN_INT_CONVERSION = YES;
				CLANG_WARN_NON_LITERAL_NULL_CONVERSION = YES;
				CLANG_WARN_OBJC_IMPLICIT_RETAIN_SELF = YES;
				CLANG_WARN_OBJC_LITERAL_CONVERSION = YES;
				CLANG_WARN_OBJC_ROOT_CLASS = YES_ERROR;
				CLANG_WARN_QUOTED_INCLUDE_IN_FRAMEWORK_HEADER = YES;
				CLANG_WARN_RANGE_LOOP_ANALYSIS = YES;
				CLANG_WARN_STRICT_PROTOTYPES = YES;
				CLANG_WARN_SUSPICIOUS_MOVE = YES;
				CLANG_WARN_UNGUARDED_AVAILABILITY = YES_AGGRESSIVE;
				CLANG_WARN_UNREACHABLE_CODE = YES;
				CLANG_WARN__DUPLICATE_METHOD_MATCH = YES;
				COPY_PHASE_STRIP = NO;
				DEBUG_INFORMATION_FORMAT = dwarf;
				ENABLE_STRICT_OBJC_MSGSEND = YES;
				ENABLE_TESTABILITY = YES;
				ENABLE_USER_SCRIPT_SANDBOXING = YES;
				GCC_C_LANGUAGE_STANDARD = gnu17;
				GCC_DYNAMIC_NO_PIC = NO;
				GCC_NO_COMMON_BLOCKS = YES;
				GCC_OPTIMIZATION_LEVEL = 0;
				GCC_PREPROCESSOR_DEFINITIONS = (
					"DEBUG=1",
					"$(inherited)",
				);
				GCC_WARN_64_TO_32_BIT_CONVERSION = YES;
				GCC_WARN_ABOUT_RETURN_TYPE = YES_ERROR;
				GCC_WARN_UNDECLARED_SELECTOR = YES;
				GCC_WARN_UNINITIALIZED_AUTOS = YES_AGGRESSIVE;
				GCC_WARN_UNUSED_FUNCTION = YES;
				GCC_WARN_UNUSED_VARIABLE = YES;
				IPHONEOS_DEPLOYMENT_TARGET = 18.2;
				LOCALIZATION_PREFERS_STRING_CATALOGS = YES;
				MTL_ENABLE_DEBUG_INFO = INCLUDE_SOURCE;
				MTL_FAST_MATH = YES;
				ONLY_ACTIVE_ARCH = YES;
				SDKROOT = iphoneos;
				SWIFT_ACTIVE_COMPILATION_CONDITIONS = "DEBUG $(inherited)";
				SWIFT_OPTIMIZATION_LEVEL = "-Onone";
			};
			name = Debug;
		};
		DAF77EC82D81098B00F42FB7 /* Release */ = {
			isa = XCBuildConfiguration;
			buildSettings = {
				ALWAYS_SEARCH_USER_PATHS = NO;
				ASSETCATALOG_COMPILER_GENERATE_SWIFT_ASSET_SYMBOL_EXTENSIONS = YES;
				CLANG_ANALYZER_NONNULL = YES;
				CLANG_ANALYZER_NUMBER_OBJECT_CONVERSION = YES_AGGRESSIVE;
				CLANG_CXX_LANGUAGE_STANDARD = "gnu++20";
				CLANG_ENABLE_MODULES = YES;
				CLANG_ENABLE_OBJC_ARC = YES;
				CLANG_ENABLE_OBJC_WEAK = YES;
				CLANG_WARN_BLOCK_CAPTURE_AUTORELEASING = YES;
				CLANG_WARN_BOOL_CONVERSION = YES;
				CLANG_WARN_COMMA = YES;
				CLANG_WARN_CONSTANT_CONVERSION = YES;
				CLANG_WARN_DEPRECATED_OBJC_IMPLEMENTATIONS = YES;
				CLANG_WARN_DIRECT_OBJC_ISA_USAGE = YES_ERROR;
				CLANG_WARN_DOCUMENTATION_COMMENTS = YES;
				CLANG_WARN_EMPTY_BODY = YES;
				CLANG_WARN_ENUM_CONVERSION = YES;
				CLANG_WARN_INFINITE_RECURSION = YES;
				CLANG_WARN_INT_CONVERSION = YES;
				CLANG_WARN_NON_LITERAL_NULL_CONVERSION = YES;
				CLANG_WARN_OBJC_IMPLICIT_RETAIN_SELF = YES;
				CLANG_WARN_OBJC_LITERAL_CONVERSION = YES;
				CLANG_WARN_OBJC_ROOT_CLASS = YES_ERROR;
				CLANG_WARN_QUOTED_INCLUDE_IN_FRAMEWORK_HEADER = YES;
				CLANG_WARN_RANGE_LOOP_ANALYSIS = YES;
				CLANG_WARN_STRICT_PROTOTYPES = YES;
				CLANG_WARN_SUSPICIOUS_MOVE = YES;
				CLANG_WARN_UNGUARDED_AVAILABILITY = YES_AGGRESSIVE;
				CLANG_WARN_UNREACHABLE_CODE = YES;
				CLANG_WARN__DUPLICATE_METHOD_MATCH = YES;
				COPY_PHASE_STRIP = NO;
				DEBUG_INFORMATION_FORMAT = "dwarf-with-dsym";
				ENABLE_NS_ASSERTIONS = NO;
				ENABLE_STRICT_OBJC_MSGSEND = YES;
				ENABLE_USER_SCRIPT_SANDBOXING = YES;
				GCC_C_LANGUAGE_STANDARD = gnu17;
				GCC_NO_COMMON_BLOCKS = YES;
				GCC_WARN_64_TO_32_BIT_CONVERSION = YES;
				GCC_WARN_ABOUT_RETURN_TYPE = YES_ERROR;
				GCC_WARN_UNDECLARED_SELECTOR = YES;
				GCC_WARN_UNINITIALIZED_AUTOS = YES_AGGRESSIVE;
				GCC_WARN_UNUSED_FUNCTION = YES;
				GCC_WARN_UNUSED_VARIABLE = YES;
				IPHONEOS_DEPLOYMENT_TARGET = 18.2;
				LOCALIZATION_PREFERS_STRING_CATALOGS = YES;
				MTL_ENABLE_DEBUG_INFO = NO;
				MTL_FAST_MATH = YES;
				SDKROOT = iphoneos;
				SWIFT_COMPILATION_MODE = wholemodule;
				VALIDATE_PRODUCT = YES;
			};
			name = Release;
		};
		DAF77ECA2D81098B00F42FB7 /* Debug */ = {
			isa = XCBuildConfiguration;
			buildSettings = {
				BUNDLE_LOADER = "$(TEST_HOST)";
				CODE_SIGN_STYLE = Automatic;
				CURRENT_PROJECT_VERSION = 1;
				DEVELOPMENT_TEAM = 47R2RGPDLK;
				GENERATE_INFOPLIST_FILE = YES;
				IPHONEOS_DEPLOYMENT_TARGET = 18.2;
				MARKETING_VERSION = 1.0;
				PRODUCT_BUNDLE_IDENTIFIER = "yuta-nishimatsu.formButtonTests";
				PRODUCT_NAME = "$(TARGET_NAME)";
				SWIFT_EMIT_LOC_STRINGS = NO;
				SWIFT_VERSION = 5.0;
				TARGETED_DEVICE_FAMILY = "1,2";
				TEST_HOST = "$(BUILT_PRODUCTS_DIR)/formButton.app/$(BUNDLE_EXECUTABLE_FOLDER_PATH)/formButton";
			};
			name = Debug;
		};
		DAF77ECB2D81098B00F42FB7 /* Release */ = {
			isa = XCBuildConfiguration;
			buildSettings = {
				BUNDLE_LOADER = "$(TEST_HOST)";
				CODE_SIGN_STYLE = Automatic;
				CURRENT_PROJECT_VERSION = 1;
				DEVELOPMENT_TEAM = 47R2RGPDLK;
				GENERATE_INFOPLIST_FILE = YES;
				IPHONEOS_DEPLOYMENT_TARGET = 18.2;
				MARKETING_VERSION = 1.0;
				PRODUCT_BUNDLE_IDENTIFIER = "yuta-nishimatsu.formButtonTests";
				PRODUCT_NAME = "$(TARGET_NAME)";
				SWIFT_EMIT_LOC_STRINGS = NO;
				SWIFT_VERSION = 5.0;
				TARGETED_DEVICE_FAMILY = "1,2";
				TEST_HOST = "$(BUILT_PRODUCTS_DIR)/formButton.app/$(BUNDLE_EXECUTABLE_FOLDER_PATH)/formButton";
			};
			name = Release;
		};
		DAF77ECD2D81098B00F42FB7 /* Debug */ = {
			isa = XCBuildConfiguration;
			buildSettings = {
				CODE_SIGN_STYLE = Automatic;
				CURRENT_PROJECT_VERSION = 1;
				DEVELOPMENT_TEAM = 47R2RGPDLK;
				GENERATE_INFOPLIST_FILE = YES;
				MARKETING_VERSION = 1.0;
				PRODUCT_BUNDLE_IDENTIFIER = "yuta-nishimatsu.formButtonUITests";
				PRODUCT_NAME = "$(TARGET_NAME)";
				SWIFT_EMIT_LOC_STRINGS = NO;
				SWIFT_VERSION = 5.0;
				TARGETED_DEVICE_FAMILY = "1,2";
				TEST_TARGET_NAME = formButton;
			};
			name = Debug;
		};
		DAF77ECE2D81098B00F42FB7 /* Release */ = {
			isa = XCBuildConfiguration;
			buildSettings = {
				CODE_SIGN_STYLE = Automatic;
				CURRENT_PROJECT_VERSION = 1;
				DEVELOPMENT_TEAM = 47R2RGPDLK;
				GENERATE_INFOPLIST_FILE = YES;
				MARKETING_VERSION = 1.0;
				PRODUCT_BUNDLE_IDENTIFIER = "yuta-nishimatsu.formButtonUITests";
				PRODUCT_NAME = "$(TARGET_NAME)";
				SWIFT_EMIT_LOC_STRINGS = NO;
				SWIFT_VERSION = 5.0;
				TARGETED_DEVICE_FAMILY = "1,2";
				TEST_TARGET_NAME = formButton;
			};
			name = Release;
		};
/* End XCBuildConfiguration section */

/* Begin XCConfigurationList section */
		DAF77E962D81098A00F42FB7 /* Build configuration list for PBXProject "formButton" */ = {
			isa = XCConfigurationList;
			buildConfigurations = (
				DAF77EC72D81098B00F42FB7 /* Debug */,
				DAF77EC82D81098B00F42FB7 /* Release */,
			);
			defaultConfigurationIsVisible = 0;
			defaultConfigurationName = Release;
		};
		DAF77EC42D81098B00F42FB7 /* Build configuration list for PBXNativeTarget "formButton" */ = {
			isa = XCConfigurationList;
			buildConfigurations = (
				DAF77EC52D81098B00F42FB7 /* Debug */,
				DAF77EC62D81098B00F42FB7 /* Release */,
			);
			defaultConfigurationIsVisible = 0;
			defaultConfigurationName = Release;
		};
		DAF77EC92D81098B00F42FB7 /* Build configuration list for PBXNativeTarget "formButtonTests" */ = {
			isa = XCConfigurationList;
			buildConfigurations = (
				DAF77ECA2D81098B00F42FB7 /* Debug */,
				DAF77ECB2D81098B00F42FB7 /* Release */,
			);
			defaultConfigurationIsVisible = 0;
			defaultConfigurationName = Release;
		};
		DAF77ECC2D81098B00F42FB7 /* Build configuration list for PBXNativeTarget "formButtonUITests" */ = {
			isa = XCConfigurationList;
			buildConfigurations = (
				DAF77ECD2D81098B00F42FB7 /* Debug */,
				DAF77ECE2D81098B00F42FB7 /* Release */,
			);
			defaultConfigurationIsVisible = 0;
			defaultConfigurationName = Release;
		};
/* End XCConfigurationList section */
	};
	rootObject = DAF77E932D81098A00F42FB7 /* Project object */;
}
